Microsoft Visual Studio Solution File, Format Version 12.00
# Visual Studio Version 17
VisualStudioVersion = 17.12.35521.163
MinimumVisualStudioVersion = 10.0.40219.1
Project("{FAE04EC0-301F-11D3-BF4B-00C04F79EFBC}") = "IDC.Api", "src\IDC.Api\IDC.Api.csproj", "{6C2E1BEC-24A1-4A00-8B66-3118BC5376DB}"
EndProject
Project("{FAE04EC0-301F-11D3-BF4B-00C04F79EFBC}") = "IDC.Infrastructure", "src\IDC.Infrastructure\IDC.Infrastructure.csproj", "{BF2147A1-E8FF-435A-8712-9C12404CEBB0}"
EndProject
Project("{FAE04EC0-301F-11D3-BF4B-00C04F79EFBC}") = "IDC.Domain", "src\IDC.Domain\IDC.Domain.csproj", "{6086F430-6D4F-4AF0-8D11-E8E71DDFB752}"
EndProject
Project("{2150E333-8FDC-42A3-9474-1A3956D46DE8}") = "src", "src", "{A99841E9-EC25-4704-B76D-EE61FFBB3B9D}"
EndProject
Project("{FAE04EC0-301F-11D3-BF4B-00C04F79EFBC}") = "IDC.Shared", "src\IDC.Shared\IDC.Shared.csproj", "{4A7A7848-C69D-49D6-85DA-B32A03769C25}"
EndProject
Project("{2150E333-8FDC-42A3-9474-1A3956D46DE8}") = "SolutionItems", "SolutionItems", "{3E700E42-89BD-4FA2-8F35-43BC5E0985E6}"
	ProjectSection(SolutionItems) = preProject
		src\docker-compose.yml = src\docker-compose.yml
	EndProjectSection
EndProject
Project("{FAE04EC0-301F-11D3-BF4B-00C04F79EFBC}") = "IDC.Application", "src\IDC.Application\IDC.Application.csproj", "{B53F55FA-CCDA-4FD7-BAC7-6EF219F87AAE}"
EndProject
Global
	GlobalSection(SolutionConfigurationPlatforms) = preSolution
		Debug|Any CPU = Debug|Any CPU
		Release|Any CPU = Release|Any CPU
	EndGlobalSection
	GlobalSection(ProjectConfigurationPlatforms) = postSolution
		{6C2E1BEC-24A1-4A00-8B66-3118BC5376DB}.Debug|Any CPU.ActiveCfg = Debug|Any CPU
		{6C2E1BEC-24A1-4A00-8B66-3118BC5376DB}.Debug|Any CPU.Build.0 = Debug|Any CPU
		{6C2E1BEC-24A1-4A00-8B66-3118BC5376DB}.Release|Any CPU.ActiveCfg = Release|Any CPU
		{6C2E1BEC-24A1-4A00-8B66-3118BC5376DB}.Release|Any CPU.Build.0 = Release|Any CPU
		{BF2147A1-E8FF-435A-8712-9C12404CEBB0}.Debug|Any CPU.ActiveCfg = Debug|Any CPU
		{BF2147A1-E8FF-435A-8712-9C12404CEBB0}.Debug|Any CPU.Build.0 = Debug|Any CPU
		{BF2147A1-E8FF-435A-8712-9C12404CEBB0}.Release|Any CPU.ActiveCfg = Release|Any CPU
		{BF2147A1-E8FF-435A-8712-9C12404CEBB0}.Release|Any CPU.Build.0 = Release|Any CPU
		{6086F430-6D4F-4AF0-8D11-E8E71DDFB752}.Debug|Any CPU.ActiveCfg = Debug|Any CPU
		{6086F430-6D4F-4AF0-8D11-E8E71DDFB752}.Debug|Any CPU.Build.0 = Debug|Any CPU
		{6086F430-6D4F-4AF0-8D11-E8E71DDFB752}.Release|Any CPU.ActiveCfg = Release|Any CPU
		{6086F430-6D4F-4AF0-8D11-E8E71DDFB752}.Release|Any CPU.Build.0 = Release|Any CPU
		{4A7A7848-C69D-49D6-85DA-B32A03769C25}.Debug|Any CPU.ActiveCfg = Debug|Any CPU
		{4A7A7848-C69D-49D6-85DA-B32A03769C25}.Debug|Any CPU.Build.0 = Debug|Any CPU
		{4A7A7848-C69D-49D6-85DA-B32A03769C25}.Release|Any CPU.ActiveCfg = Release|Any CPU
		{4A7A7848-C69D-49D6-85DA-B32A03769C25}.Release|Any CPU.Build.0 = Release|Any CPU
		{B53F55FA-CCDA-4FD7-BAC7-6EF219F87AAE}.Debug|Any CPU.ActiveCfg = Debug|Any CPU
		{B53F55FA-CCDA-4FD7-BAC7-6EF219F87AAE}.Debug|Any CPU.Build.0 = Debug|Any CPU
		{B53F55FA-CCDA-4FD7-BAC7-6EF219F87AAE}.Release|Any CPU.ActiveCfg = Release|Any CPU
		{B53F55FA-CCDA-4FD7-BAC7-6EF219F87AAE}.Release|Any CPU.Build.0 = Release|Any CPU
	EndGlobalSection
	GlobalSection(SolutionProperties) = preSolution
		HideSolutionNode = FALSE
	EndGlobalSection
	GlobalSection(NestedProjects) = preSolution
		{6C2E1BEC-24A1-4A00-8B66-3118BC5376DB} = {A99841E9-EC25-4704-B76D-EE61FFBB3B9D}
		{BF2147A1-E8FF-435A-8712-9C12404CEBB0} = {A99841E9-EC25-4704-B76D-EE61FFBB3B9D}
		{6086F430-6D4F-4AF0-8D11-E8E71DDFB752} = {A99841E9-EC25-4704-B76D-EE61FFBB3B9D}
		{4A7A7848-C69D-49D6-85DA-B32A03769C25} = {A99841E9-EC25-4704-B76D-EE61FFBB3B9D}
		{B53F55FA-CCDA-4FD7-BAC7-6EF219F87AAE} = {A99841E9-EC25-4704-B76D-EE61FFBB3B9D}
	EndGlobalSection
EndGlobal
