Microsoft Visual Studio Solution File, Format Version 12.00
# Visual Studio Version 17
VisualStudioVersion = 17.12.35521.163
MinimumVisualStudioVersion = 10.0.40219.1
Project("{2150E333-8FDC-42A3-9474-1A3956D46DE8}") = "src", "src", "{A99841E9-EC25-4704-B76D-EE61FFBB3B9D}"
EndProject
Project("{2150E333-8FDC-42A3-9474-1A3956D46DE8}") = "SolutionItems", "SolutionItems", "{3E700E42-89BD-4FA2-8F35-43BC5E0985E6}"
	ProjectSection(SolutionItems) = preProject
		src\docker-compose.yml = src\docker-compose.yml
	EndProjectSection
EndProject
Project("{FAE04EC0-301F-11D3-BF4B-00C04F79EFBC}") = "IDC-Web.Api", "src\IDC-Web.Api\IDC-Web.Api.csproj", "{3ACE523B-3072-4326-A1B3-2C99FB47699B}"
EndProject
Project("{FAE04EC0-301F-11D3-BF4B-00C04F79EFBC}") = "IDC-Web.Application", "src\IDC-Web.Application\IDC-Web.Application.csproj", "{07BB42E9-0DEB-46EB-B987-6D532B9C96E6}"
EndProject
Project("{FAE04EC0-301F-11D3-BF4B-00C04F79EFBC}") = "IDC-Web.Shared", "src\IDC-Web.Shared\IDC-Web.Shared.csproj", "{A52AA3E9-698C-422A-98CE-58A0A7E8ED6B}"
EndProject
Project("{FAE04EC0-301F-11D3-BF4B-00C04F79EFBC}") = "IDC-Web.Domain", "src\IDC-Web.Domain\IDC-Web.Domain.csproj", "{E4DF0540-220B-4AFD-9C2D-C9D777829A12}"
EndProject
Project("{FAE04EC0-301F-11D3-BF4B-00C04F79EFBC}") = "IDC-Web.Infrastructure", "src\IDC-Web.Infrastructure\IDC-Web.Infrastructure.csproj", "{CE99E290-8014-41AD-9DD0-E686B1130A9A}"
EndProject
Global
	GlobalSection(SolutionConfigurationPlatforms) = preSolution
		Debug|Any CPU = Debug|Any CPU
		Release|Any CPU = Release|Any CPU
	EndGlobalSection
	GlobalSection(ProjectConfigurationPlatforms) = postSolution
		{3ACE523B-3072-4326-A1B3-2C99FB47699B}.Debug|Any CPU.ActiveCfg = Debug|Any CPU
		{3ACE523B-3072-4326-A1B3-2C99FB47699B}.Debug|Any CPU.Build.0 = Debug|Any CPU
		{3ACE523B-3072-4326-A1B3-2C99FB47699B}.Release|Any CPU.ActiveCfg = Release|Any CPU
		{3ACE523B-3072-4326-A1B3-2C99FB47699B}.Release|Any CPU.Build.0 = Release|Any CPU
		{07BB42E9-0DEB-46EB-B987-6D532B9C96E6}.Debug|Any CPU.ActiveCfg = Debug|Any CPU
		{07BB42E9-0DEB-46EB-B987-6D532B9C96E6}.Debug|Any CPU.Build.0 = Debug|Any CPU
		{07BB42E9-0DEB-46EB-B987-6D532B9C96E6}.Release|Any CPU.ActiveCfg = Release|Any CPU
		{07BB42E9-0DEB-46EB-B987-6D532B9C96E6}.Release|Any CPU.Build.0 = Release|Any CPU
		{A52AA3E9-698C-422A-98CE-58A0A7E8ED6B}.Debug|Any CPU.ActiveCfg = Debug|Any CPU
		{A52AA3E9-698C-422A-98CE-58A0A7E8ED6B}.Debug|Any CPU.Build.0 = Debug|Any CPU
		{A52AA3E9-698C-422A-98CE-58A0A7E8ED6B}.Release|Any CPU.ActiveCfg = Release|Any CPU
		{A52AA3E9-698C-422A-98CE-58A0A7E8ED6B}.Release|Any CPU.Build.0 = Release|Any CPU
		{E4DF0540-220B-4AFD-9C2D-C9D777829A12}.Debug|Any CPU.ActiveCfg = Debug|Any CPU
		{E4DF0540-220B-4AFD-9C2D-C9D777829A12}.Debug|Any CPU.Build.0 = Debug|Any CPU
		{E4DF0540-220B-4AFD-9C2D-C9D777829A12}.Release|Any CPU.ActiveCfg = Release|Any CPU
		{E4DF0540-220B-4AFD-9C2D-C9D777829A12}.Release|Any CPU.Build.0 = Release|Any CPU
		{CE99E290-8014-41AD-9DD0-E686B1130A9A}.Debug|Any CPU.ActiveCfg = Debug|Any CPU
		{CE99E290-8014-41AD-9DD0-E686B1130A9A}.Debug|Any CPU.Build.0 = Debug|Any CPU
		{CE99E290-8014-41AD-9DD0-E686B1130A9A}.Release|Any CPU.ActiveCfg = Release|Any CPU
		{CE99E290-8014-41AD-9DD0-E686B1130A9A}.Release|Any CPU.Build.0 = Release|Any CPU
	EndGlobalSection
	GlobalSection(SolutionProperties) = preSolution
		HideSolutionNode = FALSE
	EndGlobalSection
	GlobalSection(NestedProjects) = preSolution
		{3ACE523B-3072-4326-A1B3-2C99FB47699B} = {A99841E9-EC25-4704-B76D-EE61FFBB3B9D}
		{07BB42E9-0DEB-46EB-B987-6D532B9C96E6} = {A99841E9-EC25-4704-B76D-EE61FFBB3B9D}
		{A52AA3E9-698C-422A-98CE-58A0A7E8ED6B} = {A99841E9-EC25-4704-B76D-EE61FFBB3B9D}
		{E4DF0540-220B-4AFD-9C2D-C9D777829A12} = {A99841E9-EC25-4704-B76D-EE61FFBB3B9D}
		{CE99E290-8014-41AD-9DD0-E686B1130A9A} = {A99841E9-EC25-4704-B76D-EE61FFBB3B9D}
	EndGlobalSection
EndGlobal
